
Microsoft Visual Studio Solution File, Format Version 12.00
# Visual Studio Version 17
VisualStudioVersion = 17.0.31903.59
MinimumVisualStudioVersion = 10.0.40219.1
Project("{2150E333-8FDC-42A3-9474-1A3956D46DE8}") = "Src", "Src", "{6F3FBD97-890B-4841-B4EE-9D622DCCD7E6}"
EndProject
Project("{FAE04EC0-301F-11D3-BF4B-00C04F79EFBC}") = "GF.ControleAcesso.Application", "Src\Application\GF.ControleAcesso.Application.csproj", "{7F53AAE0-C3B3-405C-AF70-34A1E1248FD5}"
EndProject
Project("{FAE04EC0-301F-11D3-BF4B-00C04F79EFBC}") = "GF.ControleAcesso.Domain", "Src\Domain\GF.ControleAcesso.Domain.csproj", "{56FA509B-0CF5-4A50-8A4B-D8D2EC4C4A1B}"
EndProject
Project("{FAE04EC0-301F-11D3-BF4B-00C04F79EFBC}") = "GF.ControleAcesso.Presentation", "Src\Presentation\GF.ControleAcesso.Presentation.csproj", "{E194CA94-55D5-4C83-A593-294A1AA4FB58}"
EndProject
Project("{2150E333-8FDC-42A3-9474-1A3956D46DE8}") = "Infra", "Infra", "{4435F304-A7F3-442A-A6F5-4FC8E72263C8}"
EndProject
Project("{FAE04EC0-301F-11D3-BF4B-00C04F79EFBC}") = "GF.ControleAcesso.Infra.CrossCutting", "Src\Infra\CrossCutting\GF.ControleAcesso.Infra.CrossCutting.csproj", "{5F4D1EBE-439A-4D41-8200-F9E51364260D}"
EndProject
Project("{FAE04EC0-301F-11D3-BF4B-00C04F79EFBC}") = "GF.ControleAcesso.Infra.Data", "Src\Infra\Data\GF.ControleAcesso.Infra.Data.csproj", "{BE5D9CDA-3515-4BF7-8989-D0329613D255}"
EndProject
Global
	GlobalSection(SolutionConfigurationPlatforms) = preSolution
		Debug|Any CPU = Debug|Any CPU
		Release|Any CPU = Release|Any CPU
	EndGlobalSection
	GlobalSection(SolutionProperties) = preSolution
		HideSolutionNode = FALSE
	EndGlobalSection
	GlobalSection(ProjectConfigurationPlatforms) = postSolution
		{7F53AAE0-C3B3-405C-AF70-34A1E1248FD5}.Debug|Any CPU.ActiveCfg = Debug|Any CPU
		{7F53AAE0-C3B3-405C-AF70-34A1E1248FD5}.Debug|Any CPU.Build.0 = Debug|Any CPU
		{7F53AAE0-C3B3-405C-AF70-34A1E1248FD5}.Release|Any CPU.ActiveCfg = Release|Any CPU
		{7F53AAE0-C3B3-405C-AF70-34A1E1248FD5}.Release|Any CPU.Build.0 = Release|Any CPU
		{56FA509B-0CF5-4A50-8A4B-D8D2EC4C4A1B}.Debug|Any CPU.ActiveCfg = Debug|Any CPU
		{56FA509B-0CF5-4A50-8A4B-D8D2EC4C4A1B}.Debug|Any CPU.Build.0 = Debug|Any CPU
		{56FA509B-0CF5-4A50-8A4B-D8D2EC4C4A1B}.Release|Any CPU.ActiveCfg = Release|Any CPU
		{56FA509B-0CF5-4A50-8A4B-D8D2EC4C4A1B}.Release|Any CPU.Build.0 = Release|Any CPU
		{E194CA94-55D5-4C83-A593-294A1AA4FB58}.Debug|Any CPU.ActiveCfg = Debug|Any CPU
		{E194CA94-55D5-4C83-A593-294A1AA4FB58}.Debug|Any CPU.Build.0 = Debug|Any CPU
		{E194CA94-55D5-4C83-A593-294A1AA4FB58}.Release|Any CPU.ActiveCfg = Release|Any CPU
		{E194CA94-55D5-4C83-A593-294A1AA4FB58}.Release|Any CPU.Build.0 = Release|Any CPU
		{5F4D1EBE-439A-4D41-8200-F9E51364260D}.Debug|Any CPU.ActiveCfg = Debug|Any CPU
		{5F4D1EBE-439A-4D41-8200-F9E51364260D}.Debug|Any CPU.Build.0 = Debug|Any CPU
		{5F4D1EBE-439A-4D41-8200-F9E51364260D}.Release|Any CPU.ActiveCfg = Release|Any CPU
		{5F4D1EBE-439A-4D41-8200-F9E51364260D}.Release|Any CPU.Build.0 = Release|Any CPU
		{BE5D9CDA-3515-4BF7-8989-D0329613D255}.Debug|Any CPU.ActiveCfg = Debug|Any CPU
		{BE5D9CDA-3515-4BF7-8989-D0329613D255}.Debug|Any CPU.Build.0 = Debug|Any CPU
		{BE5D9CDA-3515-4BF7-8989-D0329613D255}.Release|Any CPU.ActiveCfg = Release|Any CPU
		{BE5D9CDA-3515-4BF7-8989-D0329613D255}.Release|Any CPU.Build.0 = Release|Any CPU
	EndGlobalSection
	GlobalSection(NestedProjects) = preSolution
		{7F53AAE0-C3B3-405C-AF70-34A1E1248FD5} = {6F3FBD97-890B-4841-B4EE-9D622DCCD7E6}
		{56FA509B-0CF5-4A50-8A4B-D8D2EC4C4A1B} = {6F3FBD97-890B-4841-B4EE-9D622DCCD7E6}
		{E194CA94-55D5-4C83-A593-294A1AA4FB58} = {6F3FBD97-890B-4841-B4EE-9D622DCCD7E6}
		{4435F304-A7F3-442A-A6F5-4FC8E72263C8} = {6F3FBD97-890B-4841-B4EE-9D622DCCD7E6}
		{5F4D1EBE-439A-4D41-8200-F9E51364260D} = {4435F304-A7F3-442A-A6F5-4FC8E72263C8}
		{BE5D9CDA-3515-4BF7-8989-D0329613D255} = {4435F304-A7F3-442A-A6F5-4FC8E72263C8}
	EndGlobalSection
EndGlobal
